# This file is autogenerated, do not edit; changes may be undone by the next 'dep ensure'.


[[projects]]
  name = "github.com/davecgh/go-spew"
  packages = ["spew"]
  revision = "5215b55f46b2b919f50a1df0eaa5886afe4e3b3d"

[[projects]]
  branch = "master"
  name = "github.com/denisenkom/go-mssqldb"
  packages = [
    ".",
    "internal/cp",
    "internal/decimal",
    "internal/querytext"
  ]
  revision = "62cf760a6c9ebb8ab413c1a8f1de5c7841648473"

[[projects]]
  name = "github.com/gin-gonic/gin"
  packages = [
    ".",
    "binding",
    "render"
  ]
  revision = "e2212d40c62a98b388a5eb48ecbdcf88534688ba"
  version = "v1.1.4"

[[projects]]
  branch = "master"
  name = "github.com/glibs/gin-webserver"
  packages = ["."]
  revision = "d9d5bc4eaa44be513329fcecee4c3f8529d632b6"

[[projects]]
  branch = "master"
  name = "github.com/go-sql-driver/mysql"
  packages = ["."]
  revision = "a8b7ed4454a6a4f98f85d3ad558cd6d97cec6959"

[[projects]]
  branch = "master"
  name = "github.com/golang-sql/civil"
  packages = ["."]
  revision = "cb61b32ac6fe84d34b81730175f91965e43d0f90"

[[projects]]
  name = "github.com/golang/protobuf"
  packages = ["proto"]
  revision = "2402d76f3d41f928c7902a765dfc872356dd3aad"

[[projects]]
  name = "github.com/google/jsonapi"
  packages = ["."]
  revision = "46d3ced0434461be12e555852e2f1a9ed382e139"
  version = "1.0.0"

[[projects]]
  branch = "master"
  name = "github.com/jinzhu/gorm"
  packages = [
    ".",
    "dialects/mssql",
    "dialects/mysql",
    "dialects/postgres"
  ]
  revision = "3a9e91ab372120a0e35b518430255308e3d8d5ea"

[[projects]]
  name = "github.com/jinzhu/inflection"
  packages = ["."]
  revision = "3272df6c21d04180007eb3349844c89a3856bc25"

[[projects]]
  name = "github.com/lib/pq"
  packages = [
    ".",
    "hstore",
    "oid"
  ]
  revision = "3cd0097429be7d611bb644ef85b42bfb102ceea4"

[[projects]]
  branch = "master"
  name = "github.com/manucorporat/sse"
  packages = ["."]
  revision = "ee05b128a739a0fb76c7ebd3ae4810c1de808d6d"

[[projects]]
  branch = "master"
  name = "github.com/mattn/go-isatty"
  packages = ["."]
  revision = "a5cdd64afdee435007ee3e9f6ed4684af949d568"

[[projects]]
  name = "github.com/pborman/uuid"
  packages = ["."]
  revision = "c55201b036063326c5b1b89ccfe45a184973d073"

[[projects]]
  name = "github.com/pmezard/go-difflib"
  packages = ["difflib"]
  revision = "792786c7400a136282c1664665ae0a8db921c6c2"
  version = "v1.0.0"

[[projects]]
  name = "github.com/sirupsen/logrus"
  packages = ["."]
  revision = "4b6ea7319e214d98c938f12692336f7ca9348d6b"
  version = "v0.10.0"

[[projects]]
  name = "github.com/stretchr/testify"
  packages = ["assert"]
  revision = "0744955171b0b6e1871ff9d7366abc2b7a7fcec0"

[[projects]]
  name = "golang.org/x/crypto"
  packages = [
    "bcrypt",
    "blowfish",
    "md4"
  ]
  revision = "3fbbcd23f1cb824e69491a5930cfeff09b12f4d2"

[[projects]]
  name = "golang.org/x/net"
  packages = ["context"]
  revision = "f315505cf3349909cdf013ea56690da34e96a451"

[[projects]]
  branch = "master"
  name = "golang.org/x/sys"
  packages = ["unix"]
  revision = "314a259e304ff91bd6985da2a7149bbf91237993"

[[projects]]
  name = "gopkg.in/dgrijalva/jwt-go.v2"
  packages = ["."]
  revision = "268038b363c7a8d7306b8e35bf77a1fde4b0c402"
  version = "v2.7.0"

[[projects]]
  name = "gopkg.in/go-playground/validator.v8"
  packages = ["."]
  revision = "c193cecd124b5cc722d7ee5538e945bdb3348435"
  version = "v8.15.1"

[[projects]]
  branch = "v2"
  name = "gopkg.in/mgo.v2"
  packages = [
    "bson",
    "internal/json"
  ]
  revision = "3f83fa5005286a7fe593b055f0d7771a7dce4655"

[[projects]]
  branch = "v2"
  name = "gopkg.in/yaml.v2"
  packages = ["."]
  revision = "eb3733d160e74a9c7e442f435eb3bea458e1d19f"

[solve-meta]
  analyzer-name = "dep"
  analyzer-version = 1
  inputs-digest = "c24f696f942a1987af062118f3373a78668f501d0fadeed790c2e1a6be72bda6"
  solver-name = "gps-cdcl"
  solver-version = 1
